PODS:
  - Flutter (1.0.0)
  - flutter_dtmf (1.0.1):
    - Flutter

DEPENDENCIES:
  - Flutter (from `Flutter`)
  - flutter_dtmf (from `.symlinks/plugins/flutter_dtmf/ios`)

EXTERNAL SOURCES:
  Flutter:
    :path: Flutter
  flutter_dtmf:
    :path: ".symlinks/plugins/flutter_dtmf/ios"

SPEC CHECKSUMS:
  Flutter: 434fef37c0980e73bb6479ef766c45957d4b510c
  flutter_dtmf: d86aaec3002a172abba756dc179aaf786bb82215

PODFILE CHECKSUM: aafe91acc616949ddb318b77800a7f51bffa2a4c

COCOAPODS: 1.10.1
